
Microsoft Visual Studio Solution File, Format Version 12.00
Project("{FAE04EC0-301F-11D3-BF4B-00C04F79EFBC}") = "StoreApp.Domain", "StoreApp.Domain\StoreApp.Domain.csproj", "{75304FAD-934D-4003-9831-A0594439EBDA}"
EndProject
Project("{FAE04EC0-301F-11D3-BF4B-00C04F79EFBC}") = "StoreApp.Infrastructure", "StoreApp.Infrastructure\StoreApp.Infrastructure.csproj", "{757282BC-62F5-46B8-BDB0-7E3FB51EBE00}"
EndProject
Project("{FAE04EC0-301F-11D3-BF4B-00C04F79EFBC}") = "StoreApp.Application", "StoreApp.Application\StoreApp.Application.csproj", "{9240DC3E-EB7F-48FB-B6E4-1A934C9313BA}"
EndProject
Project("{FAE04EC0-301F-11D3-BF4B-00C04F79EFBC}") = "StoreApp.Api", "StoreApp.Api\StoreApp.Api.csproj", "{0483E413-10AF-4596-988B-AFBE6772D351}"
EndProject
Global
	GlobalSection(SolutionConfigurationPlatforms) = preSolution
		Debug|Any CPU = Debug|Any CPU
		Release|Any CPU = Release|Any CPU
	EndGlobalSection
	GlobalSection(ProjectConfigurationPlatforms) = postSolution
		{75304FAD-934D-4003-9831-A0594439EBDA}.Debug|Any CPU.ActiveCfg = Debug|Any CPU
		{75304FAD-934D-4003-9831-A0594439EBDA}.Debug|Any CPU.Build.0 = Debug|Any CPU
		{75304FAD-934D-4003-9831-A0594439EBDA}.Release|Any CPU.ActiveCfg = Release|Any CPU
		{75304FAD-934D-4003-9831-A0594439EBDA}.Release|Any CPU.Build.0 = Release|Any CPU
		{757282BC-62F5-46B8-BDB0-7E3FB51EBE00}.Debug|Any CPU.ActiveCfg = Debug|Any CPU
		{757282BC-62F5-46B8-BDB0-7E3FB51EBE00}.Debug|Any CPU.Build.0 = Debug|Any CPU
		{757282BC-62F5-46B8-BDB0-7E3FB51EBE00}.Release|Any CPU.ActiveCfg = Release|Any CPU
		{757282BC-62F5-46B8-BDB0-7E3FB51EBE00}.Release|Any CPU.Build.0 = Release|Any CPU
		{9240DC3E-EB7F-48FB-B6E4-1A934C9313BA}.Debug|Any CPU.ActiveCfg = Debug|Any CPU
		{9240DC3E-EB7F-48FB-B6E4-1A934C9313BA}.Debug|Any CPU.Build.0 = Debug|Any CPU
		{9240DC3E-EB7F-48FB-B6E4-1A934C9313BA}.Release|Any CPU.ActiveCfg = Release|Any CPU
		{9240DC3E-EB7F-48FB-B6E4-1A934C9313BA}.Release|Any CPU.Build.0 = Release|Any CPU
		{0483E413-10AF-4596-988B-AFBE6772D351}.Debug|Any CPU.ActiveCfg = Debug|Any CPU
		{0483E413-10AF-4596-988B-AFBE6772D351}.Debug|Any CPU.Build.0 = Debug|Any CPU
		{0483E413-10AF-4596-988B-AFBE6772D351}.Release|Any CPU.ActiveCfg = Release|Any CPU
		{0483E413-10AF-4596-988B-AFBE6772D351}.Release|Any CPU.Build.0 = Release|Any CPU
	EndGlobalSection
EndGlobal
